
Microsoft Visual Studio Solution File, Format Version 12.00
# Visual Studio 2013
VisualStudioVersion = 12.0.21005.1
MinimumVisualStudioVersion = 10.0.40219.1
Project("{FAE04EC0-301F-11D3-BF4B-00C04F79EFBC}") = "Quiron.LojaVirtual.Dominio", "Quiron.LojaVirtual.Dominio\Quiron.LojaVirtual.Dominio.csproj", "{9D89A6CB-B2D5-40C3-BC9B-A58989D1D299}"
EndProject
Project("{FAE04EC0-301F-11D3-BF4B-00C04F79EFBC}") = "Quiron.LojaVirtual.Web", "Quiron.LojaVirtual.Web\Quiron.LojaVirtual.Web.csproj", "{6EA5A614-CE4E-4274-BB13-BD5CA2A70F2C}"
EndProject
Project("{FAE04EC0-301F-11D3-BF4B-00C04F79EFBC}") = "Quiron.LojaVirtual.UnitTest", "Quiron.LojaVirtual.UnitTest\Quiron.LojaVirtual.UnitTest.csproj", "{AFB662B3-7564-4CC9-B441-0B6AA8DF2AAF}"
EndProject
Global
	GlobalSection(SolutionConfigurationPlatforms) = preSolution
		Debug|Any CPU = Debug|Any CPU
		Release|Any CPU = Release|Any CPU
	EndGlobalSection
	GlobalSection(ProjectConfigurationPlatforms) = postSolution
		{9D89A6CB-B2D5-40C3-BC9B-A58989D1D299}.Debug|Any CPU.ActiveCfg = Debug|Any CPU
		{9D89A6CB-B2D5-40C3-BC9B-A58989D1D299}.Debug|Any CPU.Build.0 = Debug|Any CPU
		{9D89A6CB-B2D5-40C3-BC9B-A58989D1D299}.Release|Any CPU.ActiveCfg = Release|Any CPU
		{9D89A6CB-B2D5-40C3-BC9B-A58989D1D299}.Release|Any CPU.Build.0 = Release|Any CPU
		{6EA5A614-CE4E-4274-BB13-BD5CA2A70F2C}.Debug|Any CPU.ActiveCfg = Debug|Any CPU
		{6EA5A614-CE4E-4274-BB13-BD5CA2A70F2C}.Debug|Any CPU.Build.0 = Debug|Any CPU
		{6EA5A614-CE4E-4274-BB13-BD5CA2A70F2C}.Release|Any CPU.ActiveCfg = Release|Any CPU
		{6EA5A614-CE4E-4274-BB13-BD5CA2A70F2C}.Release|Any CPU.Build.0 = Release|Any CPU
		{AFB662B3-7564-4CC9-B441-0B6AA8DF2AAF}.Debug|Any CPU.ActiveCfg = Debug|Any CPU
		{AFB662B3-7564-4CC9-B441-0B6AA8DF2AAF}.Debug|Any CPU.Build.0 = Debug|Any CPU
		{AFB662B3-7564-4CC9-B441-0B6AA8DF2AAF}.Release|Any CPU.ActiveCfg = Release|Any CPU
		{AFB662B3-7564-4CC9-B441-0B6AA8DF2AAF}.Release|Any CPU.Build.0 = Release|Any CPU
	EndGlobalSection
	GlobalSection(SolutionProperties) = preSolution
		HideSolutionNode = FALSE
	EndGlobalSection
EndGlobal
